// !$*UTF8*$!
{
	archiveVersion = 1;
	classes = {
	};
	objectVersion = 50;
	objects = {

/* Begin PBXBuildFile section */
		1860DBE02290E11400A8F4A3 /* AppDelegate.swift in Sources */ = {isa = PBXBuildFile; fileRef = 1860DBDF2290E11400A8F4A3 /* AppDelegate.swift */; };
		1860DBE22290E11400A8F4A3 /* ViewController.swift in Sources */ = {isa = PBXBuildFile; fileRef = 1860DBE12290E11400A8F4A3 /* ViewController.swift */; };
		1860DBE52290E11400A8F4A3 /* Main.storyboard in Resources */ = {isa = PBXBuildFile; fileRef = 1860DBE32290E11400A8F4A3 /* Main.storyboard */; };
		1860DBE82290E11400A8F4A3 /* Fun_Finder.xcdatamodeld in Sources */ = {isa = PBXBuildFile; fileRef = 1860DBE62290E11400A8F4A3 /* Fun_Finder.xcdatamodeld */; };
		1860DBEA2290E11500A8F4A3 /* Assets.xcassets in Resources */ = {isa = PBXBuildFile; fileRef = 1860DBE92290E11500A8F4A3 /* Assets.xcassets */; };
		1860DBED2290E11500A8F4A3 /* LaunchScreen.storyboard in Resources */ = {isa = PBXBuildFile; fileRef = 1860DBEB2290E11500A8F4A3 /* LaunchScreen.storyboard */; };
		1860DBF82290E11500A8F4A3 /* Fun_FinderTests.swift in Sources */ = {isa = PBXBuildFile; fileRef = 1860DBF72290E11500A8F4A3 /* Fun_FinderTests.swift */; };
		1860DC032290E11500A8F4A3 /* Fun_FinderUITests.swift in Sources */ = {isa = PBXBuildFile; fileRef = 1860DC022290E11500A8F4A3 /* Fun_FinderUITests.swift */; };
/* End PBXBuildFile section */

/* Begin PBXContainerItemProxy section */
		1860DBF42290E11500A8F4A3 /* PBXContainerItemProxy */ = {
			isa = PBXContainerItemProxy;
			containerPortal = 1860DBD42290E11300A8F4A3 /* Project object */;
			proxyType = 1;
			remoteGlobalIDString = 1860DBDB2290E11400A8F4A3;
			remoteInfo = Fun_Finder;
		};
		1860DBFF2290E11500A8F4A3 /* PBXContainerItemProxy */ = {
			isa = PBXContainerItemProxy;
			containerPortal = 1860DBD42290E11300A8F4A3 /* Project object */;
			proxyType = 1;
			remoteGlobalIDString = 1860DBDB2290E11400A8F4A3;
			remoteInfo = Fun_Finder;
		};
/* End PBXContainerItemProxy section */

/* Begin PBXFileReference section */
		1860DBDC2290E11400A8F4A3 /* Fun_Finder.app */ = {isa = PBXFileReference; explicitFileType = wrapper.application; includeInIndex = 0; path = Fun_Finder.app; sourceTree = BUILT_PRODUCTS_DIR; };
		1860DBDF2290E11400A8F4A3 /* AppDelegate.swift */ = {isa = PBXFileReference; lastKnownFileType = sourcecode.swift; path = AppDelegate.swift; sourceTree = "<group>"; };
		1860DBE12290E11400A8F4A3 /* ViewController.swift */ = {isa = PBXFileReference; lastKnownFileType = sourcecode.swift; path = ViewController.swift; sourceTree = "<group>"; };
		1860DBE42290E11400A8F4A3 /* Base */ = {isa = PBXFileReference; lastKnownFileType = file.storyboard; name = Base; path = Base.lproj/Main.storyboard; sourceTree = "<group>"; };
		1860DBE72290E11400A8F4A3 /* Fun_Finder.xcdatamodel */ = {isa = PBXFileReference; lastKnownFileType = wrapper.xcdatamodel; path = Fun_Finder.xcdatamodel; sourceTree = "<group>"; };
		1860DBE92290E11500A8F4A3 /* Assets.xcassets */ = {isa = PBXFileReference; lastKnownFileType = folder.assetcatalog; path = Assets.xcassets; sourceTree = "<group>"; };
		1860DBEC2290E11500A8F4A3 /* Base */ = {isa = PBXFileReference; lastKnownFileType = file.storyboard; name = Base; path = Base.lproj/LaunchScreen.storyboard; sourceTree = "<group>"; };
		1860DBEE2290E11500A8F4A3 /* Info.plist */ = {isa = PBXFileReference; lastKnownFileType = text.plist.xml; path = Info.plist; sourceTree = "<group>"; };
		1860DBF32290E11500A8F4A3 /* Fun_FinderTests.xctest */ = {isa = PBXFileReference; explicitFileType = wrapper.cfbundle; includeInIndex = 0; path = Fun_FinderTests.xctest; sourceTree = BUILT_PRODUCTS_DIR; };
		1860DBF72290E11500A8F4A3 /* Fun_FinderTests.swift */ = {isa = PBXFileReference; lastKnownFileType = sourcecode.swift; path = Fun_FinderTests.swift; sourceTree = "<group>"; };
		1860DBF92290E11500A8F4A3 /* Info.plist */ = {isa = PBXFileReference; lastKnownFileType = text.plist.xml; path = Info.plist; sourceTree = "<group>"; };
		1860DBFE2290E11500A8F4A3 /* Fun_FinderUITests.xctest */ = {isa = PBXFileReference; explicitFileType = wrapper.cfbundle; includeInIndex = 0; path = Fun_FinderUITests.xctest; sourceTree = BUILT_PRODUCTS_DIR; };
		1860DC022290E11500A8F4A3 /* Fun_FinderUITests.swift */ = {isa = PBXFileReference; lastKnownFileType = sourcecode.swift; path = Fun_FinderUITests.swift; sourceTree = "<group>"; };
		1860DC042290E11500A8F4A3 /* Info.plist */ = {isa = PBXFileReference; lastKnownFileType = text.plist.xml; path = Info.plist; sourceTree = "<group>"; };
/* End PBXFileReference section */

/* Begin PBXFrameworksBuildPhase section */
		1860DBD92290E11400A8F4A3 /* Frameworks */ = {
			isa = PBXFrameworksBuildPhase;
			buildActionMask = 2147483647;
			files = (
			);
			runOnlyForDeploymentPostprocessing = 0;
		};
		1860DBF02290E11500A8F4A3 /* Frameworks */ = {
			isa = PBXFrameworksBuildPhase;
			buildActionMask = 2147483647;
			files = (
			);
			runOnlyForDeploymentPostprocessing = 0;
		};
		1860DBFB2290E11500A8F4A3 /* Frameworks */ = {
			isa = PBXFrameworksBuildPhase;
			buildActionMask = 2147483647;
			files = (
			);
			runOnlyForDeploymentPostprocessing = 0;
		};
/* End PBXFrameworksBuildPhase section */

/* Begin PBXGroup section */
		1860DBD32290E11300A8F4A3 = {
			isa = PBXGroup;
			children = (
				1860DBDE2290E11400A8F4A3 /* Fun_Finder */,
				1860DBF62290E11500A8F4A3 /* Fun_FinderTests */,
				1860DC012290E11500A8F4A3 /* Fun_FinderUITests */,
				1860DBDD2290E11400A8F4A3 /* Products */,
			);
			sourceTree = "<group>";
		};
		1860DBDD2290E11400A8F4A3 /* Products */ = {
			isa = PBXGroup;
			children = (
				1860DBDC2290E11400A8F4A3 /* Fun_Finder.app */,
				1860DBF32290E11500A8F4A3 /* Fun_FinderTests.xctest */,
				1860DBFE2290E11500A8F4A3 /* Fun_FinderUITests.xctest */,
			);
			name = Products;
			sourceTree = "<group>";
		};
		1860DBDE2290E11400A8F4A3 /* Fun_Finder */ = {
			isa = PBXGroup;
			children = (
				1860DBDF2290E11400A8F4A3 /* AppDelegate.swift */,
				1860DBE12290E11400A8F4A3 /* ViewController.swift */,
				1860DBE32290E11400A8F4A3 /* Main.storyboard */,
				1860DBE92290E11500A8F4A3 /* Assets.xcassets */,
				1860DBEB2290E11500A8F4A3 /* LaunchScreen.storyboard */,
				1860DBEE2290E11500A8F4A3 /* Info.plist */,
				1860DBE62290E11400A8F4A3 /* Fun_Finder.xcdatamodeld */,
			);
			path = Fun_Finder;
			sourceTree = "<group>";
		};
		1860DBF62290E11500A8F4A3 /* Fun_FinderTests */ = {
			isa = PBXGroup;
			children = (
				1860DBF72290E11500A8F4A3 /* Fun_FinderTests.swift */,
				1860DBF92290E11500A8F4A3 /* Info.plist */,
			);
			path = Fun_FinderTests;
			sourceTree = "<group>";
		};
		1860DC012290E11500A8F4A3 /* Fun_FinderUITests */ = {
			isa = PBXGroup;
			children = (
				1860DC022290E11500A8F4A3 /* Fun_FinderUITests.swift */,
				1860DC042290E11500A8F4A3 /* Info.plist */,
			);
			path = Fun_FinderUITests;
			sourceTree = "<group>";
		};
/* End PBXGroup section */

/* Begin PBXNativeTarget section */
		1860DBDB2290E11400A8F4A3 /* Fun_Finder */ = {
			isa = PBXNativeTarget;
			buildConfigurationList = 1860DC072290E11500A8F4A3 /* Build configuration list for PBXNativeTarget "Fun_Finder" */;
			buildPhases = (
				1860DBD82290E11400A8F4A3 /* Sources */,
				1860DBD92290E11400A8F4A3 /* Frameworks */,
				1860DBDA2290E11400A8F4A3 /* Resources */,
			);
			buildRules = (
			);
			dependencies = (
			);
			name = Fun_Finder;
			productName = Fun_Finder;
			productReference = 1860DBDC2290E11400A8F4A3 /* Fun_Finder.app */;
			productType = "com.apple.product-type.application";
		};
		1860DBF22290E11500A8F4A3 /* Fun_FinderTests */ = {
			isa = PBXNativeTarget;
			buildConfigurationList = 1860DC0A2290E11500A8F4A3 /* Build configuration list for PBXNativeTarget "Fun_FinderTests" */;
			buildPhases = (
				1860DBEF2290E11500A8F4A3 /* Sources */,
				1860DBF02290E11500A8F4A3 /* Frameworks */,
				1860DBF12290E11500A8F4A3 /* Resources */,
			);
			buildRules = (
			);
			dependencies = (
				1860DBF52290E11500A8F4A3 /* PBXTargetDependency */,
			);
			name = Fun_FinderTests;
			productName = Fun_FinderTests;
			productReference = 1860DBF32290E11500A8F4A3 /* Fun_FinderTests.xctest */;
			productType = "com.apple.product-type.bundle.unit-test";
		};
		1860DBFD2290E11500A8F4A3 /* Fun_FinderUITests */ = {
			isa = PBXNativeTarget;
			buildConfigurationList = 1860DC0D2290E11500A8F4A3 /* Build configuration list for PBXNativeTarget "Fun_FinderUITests" */;
			buildPhases = (
				1860DBFA2290E11500A8F4A3 /* Sources */,
				1860DBFB2290E11500A8F4A3 /* Frameworks */,
				1860DBFC2290E11500A8F4A3 /* Resources */,
			);
			buildRules = (
			);
			dependencies = (
				1860DC002290E11500A8F4A3 /* PBXTargetDependency */,
			);
			name = Fun_FinderUITests;
			productName = Fun_FinderUITests;
			productReference = 1860DBFE2290E11500A8F4A3 /* Fun_FinderUITests.xctest */;
			productType = "com.apple.product-type.bundle.ui-testing";
		};
/* End PBXNativeTarget section */

/* Begin PBXProject section */
		1860DBD42290E11300A8F4A3 /* Project object */ = {
			isa = PBXProject;
			attributes = {
				LastSwiftUpdateCheck = 1020;
				LastUpgradeCheck = 1020;
				ORGANIZATIONNAME = Apple;
				TargetAttributes = {
					1860DBDB2290E11400A8F4A3 = {
						CreatedOnToolsVersion = 10.2.1;
					};
					1860DBF22290E11500A8F4A3 = {
						CreatedOnToolsVersion = 10.2.1;
						TestTargetID = 1860DBDB2290E11400A8F4A3;
					};
					1860DBFD2290E11500A8F4A3 = {
						CreatedOnToolsVersion = 10.2.1;
						TestTargetID = 1860DBDB2290E11400A8F4A3;
					};
				};
			};
			buildConfigurationList = 1860DBD72290E11300A8F4A3 /* Build configuration list for PBXProject "Fun_Finder" */;
			compatibilityVersion = "Xcode 9.3";
			developmentRegion = en;
			hasScannedForEncodings = 0;
			knownRegions = (
				en,
				Base,
			);
			mainGroup = 1860DBD32290E11300A8F4A3;
			productRefGroup = 1860DBDD2290E11400A8F4A3 /* Products */;
			projectDirPath = "";
			projectRoot = "";
			targets = (
				1860DBDB2290E11400A8F4A3 /* Fun_Finder */,
				1860DBF22290E11500A8F4A3 /* Fun_FinderTests */,
				1860DBFD2290E11500A8F4A3 /* Fun_FinderUITests */,
			);
		};
/* End PBXProject section */

/* Begin PBXResourcesBuildPhase section */
		1860DBDA2290E11400A8F4A3 /* Resources */ = {
			isa = PBXResourcesBuildPhase;
			buildActionMask = 2147483647;
			files = (
				1860DBED2290E11500A8F4A3 /* LaunchScreen.storyboard in Resources */,
				1860DBEA2290E11500A8F4A3 /* Assets.xcassets in Resources */,
				1860DBE52290E11400A8F4A3 /* Main.storyboard in Resources */,
			);
			runOnlyForDeploymentPostprocessing = 0;
		};
		1860DBF12290E11500A8F4A3 /* Resources */ = {
			isa = PBXResourcesBuildPhase;
			buildActionMask = 2147483647;
			files = (
			);
			runOnlyForDeploymentPostprocessing = 0;
		};
		1860DBFC2290E11500A8F4A3 /* Resources */ = {
			isa = PBXResourcesBuildPhase;
			buildActionMask = 2147483647;
			files = (
			);
			runOnlyForDeploymentPostprocessing = 0;
		};
/* End PBXResourcesBuildPhase section */

/* Begin PBXSourcesBuildPhase section */
		1860DBD82290E11400A8F4A3 /* Sources */ = {
			isa = PBXSourcesBuildPhase;
			buildActionMask = 2147483647;
			files = (
				1860DBE82290E11400A8F4A3 /* Fun_Finder.xcdatamodeld in Sources */,
				1860DBE22290E11400A8F4A3 /* ViewController.swift in Sources */,
				1860DBE02290E11400A8F4A3 /* AppDelegate.swift in Sources */,
			);
			runOnlyForDeploymentPostprocessing = 0;
		};
		1860DBEF2290E11500A8F4A3 /* Sources */ = {
			isa = PBXSourcesBuildPhase;
			buildActionMask = 2147483647;
			files = (
				1860DBF82290E11500A8F4A3 /* Fun_FinderTests.swift in Sources */,
			);
			runOnlyForDeploymentPostprocessing = 0;
		};
		1860DBFA2290E11500A8F4A3 /* Sources */ = {
			isa = PBXSourcesBuildPhase;
			buildActionMask = 2147483647;
			files = (
				1860DC032290E11500A8F4A3 /* Fun_FinderUITests.swift in Sources */,
			);
			runOnlyForDeploymentPostprocessing = 0;
		};
/* End PBXSourcesBuildPhase section */

/* Begin PBXTargetDependency section */
		1860DBF52290E11500A8F4A3 /* PBXTargetDependency */ = {
			isa = PBXTargetDependency;
			target = 1860DBDB2290E11400A8F4A3 /* Fun_Finder */;
			targetProxy = 1860DBF42290E11500A8F4A3 /* PBXContainerItemProxy */;
		};
		1860DC002290E11500A8F4A3 /* PBXTargetDependency */ = {
			isa = PBXTargetDependency;
			target = 1860DBDB2290E11400A8F4A3 /* Fun_Finder */;
			targetProxy = 1860DBFF2290E11500A8F4A3 /* PBXContainerItemProxy */;
		};
/* End PBXTargetDependency section */

/* Begin PBXVariantGroup section */
		1860DBE32290E11400A8F4A3 /* Main.storyboard */ = {
			isa = PBXVariantGroup;
			children = (
				1860DBE42290E11400A8F4A3 /* Base */,
			);
			name = Main.storyboard;
			sourceTree = "<group>";
		};
		1860DBEB2290E11500A8F4A3 /* LaunchScreen.storyboard */ = {
			isa = PBXVariantGroup;
			children = (
				1860DBEC2290E11500A8F4A3 /* Base */,
			);
			name = LaunchScreen.storyboard;
			sourceTree = "<group>";
		};
/* End PBXVariantGroup section */

/* Begin XCBuildConfiguration section */
		1860DC052290E11500A8F4A3 /* Debug */ = {
			isa = XCBuildConfiguration;
			buildSettings = {
				ALWAYS_SEARCH_USER_PATHS = NO;
				CLANG_ANALYZER_NONNULL = YES;
				CLANG_ANALYZER_NUMBER_OBJECT_CONVERSION = YES_AGGRESSIVE;
				CLANG_CXX_LANGUAGE_STANDARD = "gnu++14";
				CLANG_CXX_LIBRARY = "libc++";
				CLANG_ENABLE_MODULES = YES;
				CLANG_ENABLE_OBJC_ARC = YES;
				CLANG_ENABLE_OBJC_WEAK = YES;
				CLANG_WARN_BLOCK_CAPTURE_AUTORELEASING = YES;
				CLANG_WARN_BOOL_CONVERSION = YES;
				CLANG_WARN_COMMA = YES;
				CLANG_WARN_CONSTANT_CONVERSION = YES;
				CLANG_WARN_DEPRECATED_OBJC_IMPLEMENTATIONS = YES;
				CLANG_WARN_DIRECT_OBJC_ISA_USAGE = YES_ERROR;
				CLANG_WARN_DOCUMENTATION_COMMENTS = YES;
				CLANG_WARN_EMPTY_BODY = YES;
				CLANG_WARN_ENUM_CONVERSION = YES;
				CLANG_WARN_INFINITE_RECURSION = YES;
				CLANG_WARN_INT_CONVERSION = YES;
				CLANG_WARN_NON_LITERAL_NULL_CONVERSION = YES;
				CLANG_WARN_OBJC_IMPLICIT_RETAIN_SELF = YES;
				CLANG_WARN_OBJC_LITERAL_CONVERSION = YES;
				CLANG_WARN_OBJC_ROOT_CLASS = YES_ERROR;
				CLANG_WARN_RANGE_LOOP_ANALYSIS = YES;
				CLANG_WARN_STRICT_PROTOTYPES = YES;
				CLANG_WARN_SUSPICIOUS_MOVE = YES;
				CLANG_WARN_UNGUARDED_AVAILABILITY = YES_AGGRESSIVE;
				CLANG_WARN_UNREACHABLE_CODE = YES;
				CLANG_WARN__DUPLICATE_METHOD_MATCH = YES;
				CODE_SIGN_IDENTITY = "iPhone Developer";
				COPY_PHASE_STRIP = NO;
				DEBUG_INFORMATION_FORMAT = dwarf;
				ENABLE_STRICT_OBJC_MSGSEND = YES;
				ENABLE_TESTABILITY = YES;
				GCC_C_LANGUAGE_STANDARD = gnu11;
				GCC_DYNAMIC_NO_PIC = NO;
				GCC_NO_COMMON_BLOCKS = YES;
				GCC_OPTIMIZATION_LEVEL = 0;
				GCC_PREPROCESSOR_DEFINITIONS = (
					"DEBUG=1",
					"$(inherited)",
				);
				GCC_WARN_64_TO_32_BIT_CONVERSION = YES;
				GCC_WARN_ABOUT_RETURN_TYPE = YES_ERROR;
				GCC_WARN_UNDECLARED_SELECTOR = YES;
				GCC_WARN_UNINITIALIZED_AUTOS = YES_AGGRESSIVE;
				GCC_WARN_UNUSED_FUNCTION = YES;
				GCC_WARN_UNUSED_VARIABLE = YES;
				IPHONEOS_DEPLOYMENT_TARGET = 12.2;
				MTL_ENABLE_DEBUG_INFO = INCLUDE_SOURCE;
				MTL_FAST_MATH = YES;
				ONLY_ACTIVE_ARCH = YES;
				SDKROOT = iphoneos;
				SWIFT_ACTIVE_COMPILATION_CONDITIONS = DEBUG;
				SWIFT_OPTIMIZATION_LEVEL = "-Onone";
			};
			name = Debug;
		};
		1860DC062290E11500A8F4A3 /* Release */ = {
			isa = XCBuildConfiguration;
			buildSettings = {
				ALWAYS_SEARCH_USER_PATHS = NO;
				CLANG_ANALYZER_NONNULL = YES;
				CLANG_ANALYZER_NUMBER_OBJECT_CONVERSION = YES_AGGRESSIVE;
				CLANG_CXX_LANGUAGE_STANDARD = "gnu++14";
				CLANG_CXX_LIBRARY = "libc++";
				CLANG_ENABLE_MODULES = YES;
				CLANG_ENABLE_OBJC_ARC = YES;
				CLANG_ENABLE_OBJC_WEAK = YES;
				CLANG_WARN_BLOCK_CAPTURE_AUTORELEASING = YES;
				CLANG_WARN_BOOL_CONVERSION = YES;
				CLANG_WARN_COMMA = YES;
				CLANG_WARN_CONSTANT_CONVERSION = YES;
				CLANG_WARN_DEPRECATED_OBJC_IMPLEMENTATIONS = YES;
				CLANG_WARN_DIRECT_OBJC_ISA_USAGE = YES_ERROR;
				CLANG_WARN_DOCUMENTATION_COMMENTS = YES;
				CLANG_WARN_EMPTY_BODY = YES;
				CLANG_WARN_ENUM_CONVERSION = YES;
				CLANG_WARN_INFINITE_RECURSION = YES;
				CLANG_WARN_INT_CONVERSION = YES;
				CLANG_WARN_NON_LITERAL_NULL_CONVERSION = YES;
				CLANG_WARN_OBJC_IMPLICIT_RETAIN_SELF = YES;
				CLANG_WARN_OBJC_LITERAL_CONVERSION = YES;
				CLANG_WARN_OBJC_ROOT_CLASS = YES_ERROR;
				CLANG_WARN_RANGE_LOOP_ANALYSIS = YES;
				CLANG_WARN_STRICT_PROTOTYPES = YES;
				CLANG_WARN_SUSPICIOUS_MOVE = YES;
				CLANG_WARN_UNGUARDED_AVAILABILITY = YES_AGGRESSIVE;
				CLANG_WARN_UNREACHABLE_CODE = YES;
				CLANG_WARN__DUPLICATE_METHOD_MATCH = YES;
				CODE_SIGN_IDENTITY = "iPhone Developer";
				COPY_PHASE_STRIP = NO;
				DEBUG_INFORMATION_FORMAT = "dwarf-with-dsym";
				ENABLE_NS_ASSERTIONS = NO;
				ENABLE_STRICT_OBJC_MSGSEND = YES;
				GCC_C_LANGUAGE_STANDARD = gnu11;
				GCC_NO_COMMON_BLOCKS = YES;
				GCC_WARN_64_TO_32_BIT_CONVERSION = YES;
				GCC_WARN_ABOUT_RETURN_TYPE = YES_ERROR;
				GCC_WARN_UNDECLARED_SELECTOR = YES;
				GCC_WARN_UNINITIALIZED_AUTOS = YES_AGGRESSIVE;
				GCC_WARN_UNUSED_FUNCTION = YES;
				GCC_WARN_UNUSED_VARIABLE = YES;
				IPHONEOS_DEPLOYMENT_TARGET = 12.2;
				MTL_ENABLE_DEBUG_INFO = NO;
				MTL_FAST_MATH = YES;
				SDKROOT = iphoneos;
				SWIFT_COMPILATION_MODE = wholemodule;
				SWIFT_OPTIMIZATION_LEVEL = "-O";
				VALIDATE_PRODUCT = YES;
			};
			name = Release;
		};
		1860DC082290E11500A8F4A3 /* Debug */ = {
			isa = XCBuildConfiguration;
			buildSettings = {
				ASSETCATALOG_COMPILER_APPICON_NAME = AppIcon;
				CODE_SIGN_STYLE = Automatic;
				INFOPLIST_FILE = Fun_Finder/Info.plist;
				LD_RUNPATH_SEARCH_PATHS = (
					"$(inherited)",
					"@executable_path/Frameworks",
				);
				PRODUCT_BUNDLE_IDENTIFIER = "Megan.Fun-Finder";
				PRODUCT_NAME = "$(TARGET_NAME)";
				SWIFT_VERSION = 5.0;
				TARGETED_DEVICE_FAMILY = "1,2";
			};
			name = Debug;
		};
		1860DC092290E11500A8F4A3 /* Release */ = {
			isa = XCBuildConfiguration;
			buildSettings = {
				ASSETCATALOG_COMPILER_APPICON_NAME = AppIcon;
				CODE_SIGN_STYLE = Automatic;
				INFOPLIST_FILE = Fun_Finder/Info.plist;
				LD_RUNPATH_SEARCH_PATHS = (
					"$(inherited)",
					"@executable_path/Frameworks",
				);
				PRODUCT_BUNDLE_IDENTIFIER = "Megan.Fun-Finder";
				PRODUCT_NAME = "$(TARGET_NAME)";
				SWIFT_VERSION = 5.0;
				TARGETED_DEVICE_FAMILY = "1,2";
			};
			name = Release;
		};
		1860DC0B2290E11500A8F4A3 /* Debug */ = {
			isa = XCBuildConfiguration;
			buildSettings = {
				ALWAYS_EMBED_SWIFT_STANDARD_LIBRARIES = YES;
				BUNDLE_LOADER = "$(TEST_HOST)";
				CODE_SIGN_STYLE = Automatic;
				INFOPLIST_FILE = Fun_FinderTests/Info.plist;
				LD_RUNPATH_SEARCH_PATHS = (
					"$(inherited)",
					"@executable_path/Frameworks",
					"@loader_path/Frameworks",
				);
				PRODUCT_BUNDLE_IDENTIFIER = "Megan.Fun-FinderTests";
				PRODUCT_NAME = "$(TARGET_NAME)";
				SWIFT_VERSION = 5.0;
				TARGETED_DEVICE_FAMILY = "1,2";
				TEST_HOST = "$(BUILT_PRODUCTS_DIR)/Fun_Finder.app/Fun_Finder";
			};
			name = Debug;
		};
		1860DC0C2290E11500A8F4A3 /* Release */ = {
			isa = XCBuildConfiguration;
			buildSettings = {
				ALWAYS_EMBED_SWIFT_STANDARD_LIBRARIES = YES;
				BUNDLE_LOADER = "$(TEST_HOST)";
				CODE_SIGN_STYLE = Automatic;
				INFOPLIST_FILE = Fun_FinderTests/Info.plist;
				LD_RUNPATH_SEARCH_PATHS = (
					"$(inherited)",
					"@executable_path/Frameworks",
					"@loader_path/Frameworks",
				);
				PRODUCT_BUNDLE_IDENTIFIER = "Megan.Fun-FinderTests";
				PRODUCT_NAME = "$(TARGET_NAME)";
				SWIFT_VERSION = 5.0;
				TARGETED_DEVICE_FAMILY = "1,2";
				TEST_HOST = "$(BUILT_PRODUCTS_DIR)/Fun_Finder.app/Fun_Finder";
			};
			name = Release;
		};
		1860DC0E2290E11500A8F4A3 /* Debug */ = {
			isa = XCBuildConfiguration;
			buildSettings = {
				ALWAYS_EMBED_SWIFT_STANDARD_LIBRARIES = YES;
				CODE_SIGN_STYLE = Automatic;
				INFOPLIST_FILE = Fun_FinderUITests/Info.plist;
				LD_RUNPATH_SEARCH_PATHS = (
					"$(inherited)",
					"@executable_path/Frameworks",
					"@loader_path/Frameworks",
				);
				PRODUCT_BUNDLE_IDENTIFIER = "Megan.Fun-FinderUITests";
				PRODUCT_NAME = "$(TARGET_NAME)";
				SWIFT_VERSION = 5.0;
				TARGETED_DEVICE_FAMILY = "1,2";
				TEST_TARGET_NAME = Fun_Finder;
			};
			name = Debug;
		};
		1860DC0F2290E11500A8F4A3 /* Release */ = {
			isa = XCBuildConfiguration;
			buildSettings = {
				ALWAYS_EMBED_SWIFT_STANDARD_LIBRARIES = YES;
				CODE_SIGN_STYLE = Automatic;
				INFOPLIST_FILE = Fun_FinderUITests/Info.plist;
				LD_RUNPATH_SEARCH_PATHS = (
					"$(inherited)",
					"@executable_path/Frameworks",
					"@loader_path/Frameworks",
				);
				PRODUCT_BUNDLE_IDENTIFIER = "Megan.Fun-FinderUITests";
				PRODUCT_NAME = "$(TARGET_NAME)";
				SWIFT_VERSION = 5.0;
				TARGETED_DEVICE_FAMILY = "1,2";
				TEST_TARGET_NAME = Fun_Finder;
			};
			name = Release;
		};
/* End XCBuildConfiguration section */

/* Begin XCConfigurationList section */
		1860DBD72290E11300A8F4A3 /* Build configuration list for PBXProject "Fun_Finder" */ = {
			isa = XCConfigurationList;
			buildConfigurations = (
				1860DC052290E11500A8F4A3 /* Debug */,
				1860DC062290E11500A8F4A3 /* Release */,
			);
			defaultConfigurationIsVisible = 0;
			defaultConfigurationName = Release;
		};
		1860DC072290E11500A8F4A3 /* Build configuration list for PBXNativeTarget "Fun_Finder" */ = {
			isa = XCConfigurationList;
			buildConfigurations = (
				1860DC082290E11500A8F4A3 /* Debug */,
				1860DC092290E11500A8F4A3 /* Release */,
			);
			defaultConfigurationIsVisible = 0;
			defaultConfigurationName = Release;
		};
		1860DC0A2290E11500A8F4A3 /* Build configuration list for PBXNativeTarget "Fun_FinderTests" */ = {
			isa = XCConfigurationList;
			buildConfigurations = (
				1860DC0B2290E11500A8F4A3 /* Debug */,
				1860DC0C2290E11500A8F4A3 /* Release */,
			);
			defaultConfigurationIsVisible = 0;
			defaultConfigurationName = Release;
		};
		1860DC0D2290E11500A8F4A3 /* Build configuration list for PBXNativeTarget "Fun_FinderUITests" */ = {
			isa = XCConfigurationList;
			buildConfigurations = (
				1860DC0E2290E11500A8F4A3 /* Debug */,
				1860DC0F2290E11500A8F4A3 /* Release */,
			);
			defaultConfigurationIsVisible = 0;
			defaultConfigurationName = Release;
		};
/* End XCConfigurationList section */

/* Begin XCVersionGroup section */
		1860DBE62290E11400A8F4A3 /* Fun_Finder.xcdatamodeld */ = {
			isa = XCVersionGroup;
			children = (
				1860DBE72290E11400A8F4A3 /* Fun_Finder.xcdatamodel */,
			);
			currentVersion = 1860DBE72290E11400A8F4A3 /* Fun_Finder.xcdatamodel */;
			path = Fun_Finder.xcdatamodeld;
			sourceTree = "<group>";
			versionGroupType = wrapper.xcdatamodel;
		};
/* End XCVersionGroup section */
	};
	rootObject = 1860DBD42290E11300A8F4A3 /* Project object */;
}
